
Microsoft Visual Studio Solution File, Format Version 12.00
# Visual Studio 14
VisualStudioVersion = 14.0.25420.1
MinimumVisualStudioVersion = 10.0.40219.1
Project("{8BC9CEB8-8B4A-11D0-8D11-00A0C91BC942}") = "subset", "ConsoleApplication2\ConsoleApplication2.vcxproj", "{1814BC2F-A9B4-4444-B59D-447210738F48}"
EndProject
Project("{8BC9CEB8-8B4A-11D0-8D11-00A0C91BC942}") = "perm", "ConsoleApplication3\ConsoleApplication3.vcxproj", "{37F38C4F-13EA-4D03-92A2-F0B84A55A0D1}"
EndProject
Project("{8BC9CEB8-8B4A-11D0-8D11-00A0C91BC942}") = "BinSort", "BinSort\BinSort.vcxproj", "{13459277-C6E6-49C6-AC5A-9A7F7288C707}"
EndProject
Project("{8BC9CEB8-8B4A-11D0-8D11-00A0C91BC942}") = "Lab2", "Lab2\Lab2.vcxproj", "{F833C9EB-4B8F-47B0-8430-CC0B2AF02120}"
EndProject
Project("{8BC9CEB8-8B4A-11D0-8D11-00A0C91BC942}") = "Project3", "Project3\Project3.vcxproj", "{3C63292E-1446-4D1F-A315-CC56B8AEDB69}"
EndProject
Project("{8BC9CEB8-8B4A-11D0-8D11-00A0C91BC942}") = "ConsoleApplication4", "ConsoleApplication4\ConsoleApplication4.vcxproj", "{64CBCEE5-06FF-4498-8FB7-6A8EC0C34907}"
EndProject
Project("{8BC9CEB8-8B4A-11D0-8D11-00A0C91BC942}") = "Project4", "Project4\Project4.vcxproj", "{D0F54F4E-2270-49DD-98A3-39CDF6F0DB36}"
EndProject
Project("{8BC9CEB8-8B4A-11D0-8D11-00A0C91BC942}") = "Project5", "Project5\Project5.vcxproj", "{D9316042-5FB7-4765-93DF-FB6843683426}"
EndProject
Project("{8BC9CEB8-8B4A-11D0-8D11-00A0C91BC942}") = "Maze", "Maze\Maze.vcxproj", "{5384C642-B7EF-4DF9-ABA1-E1C0E9939946}"
EndProject
Global
	GlobalSection(SolutionConfigurationPlatforms) = preSolution
		Debug|x64 = Debug|x64
		Debug|x86 = Debug|x86
		Release|x64 = Release|x64
		Release|x86 = Release|x86
	EndGlobalSection
	GlobalSection(ProjectConfigurationPlatforms) = postSolution
		{1814BC2F-A9B4-4444-B59D-447210738F48}.Debug|x64.ActiveCfg = Debug|x64
		{1814BC2F-A9B4-4444-B59D-447210738F48}.Debug|x64.Build.0 = Debug|x64
		{1814BC2F-A9B4-4444-B59D-447210738F48}.Debug|x86.ActiveCfg = Debug|Win32
		{1814BC2F-A9B4-4444-B59D-447210738F48}.Debug|x86.Build.0 = Debug|Win32
		{1814BC2F-A9B4-4444-B59D-447210738F48}.Release|x64.ActiveCfg = Release|x64
		{1814BC2F-A9B4-4444-B59D-447210738F48}.Release|x64.Build.0 = Release|x64
		{1814BC2F-A9B4-4444-B59D-447210738F48}.Release|x86.ActiveCfg = Release|Win32
		{1814BC2F-A9B4-4444-B59D-447210738F48}.Release|x86.Build.0 = Release|Win32
		{37F38C4F-13EA-4D03-92A2-F0B84A55A0D1}.Debug|x64.ActiveCfg = Debug|x64
		{37F38C4F-13EA-4D03-92A2-F0B84A55A0D1}.Debug|x64.Build.0 = Debug|x64
		{37F38C4F-13EA-4D03-92A2-F0B84A55A0D1}.Debug|x86.ActiveCfg = Debug|Win32
		{37F38C4F-13EA-4D03-92A2-F0B84A55A0D1}.Debug|x86.Build.0 = Debug|Win32
		{37F38C4F-13EA-4D03-92A2-F0B84A55A0D1}.Release|x64.ActiveCfg = Release|x64
		{37F38C4F-13EA-4D03-92A2-F0B84A55A0D1}.Release|x64.Build.0 = Release|x64
		{37F38C4F-13EA-4D03-92A2-F0B84A55A0D1}.Release|x86.ActiveCfg = Release|Win32
		{37F38C4F-13EA-4D03-92A2-F0B84A55A0D1}.Release|x86.Build.0 = Release|Win32
		{13459277-C6E6-49C6-AC5A-9A7F7288C707}.Debug|x64.ActiveCfg = Debug|x64
		{13459277-C6E6-49C6-AC5A-9A7F7288C707}.Debug|x64.Build.0 = Debug|x64
		{13459277-C6E6-49C6-AC5A-9A7F7288C707}.Debug|x86.ActiveCfg = Debug|Win32
		{13459277-C6E6-49C6-AC5A-9A7F7288C707}.Debug|x86.Build.0 = Debug|Win32
		{13459277-C6E6-49C6-AC5A-9A7F7288C707}.Release|x64.ActiveCfg = Release|x64
		{13459277-C6E6-49C6-AC5A-9A7F7288C707}.Release|x64.Build.0 = Release|x64
		{13459277-C6E6-49C6-AC5A-9A7F7288C707}.Release|x86.ActiveCfg = Release|Win32
		{13459277-C6E6-49C6-AC5A-9A7F7288C707}.Release|x86.Build.0 = Release|Win32
		{F833C9EB-4B8F-47B0-8430-CC0B2AF02120}.Debug|x64.ActiveCfg = Debug|x64
		{F833C9EB-4B8F-47B0-8430-CC0B2AF02120}.Debug|x64.Build.0 = Debug|x64
		{F833C9EB-4B8F-47B0-8430-CC0B2AF02120}.Debug|x86.ActiveCfg = Debug|Win32
		{F833C9EB-4B8F-47B0-8430-CC0B2AF02120}.Debug|x86.Build.0 = Debug|Win32
		{F833C9EB-4B8F-47B0-8430-CC0B2AF02120}.Release|x64.ActiveCfg = Release|x64
		{F833C9EB-4B8F-47B0-8430-CC0B2AF02120}.Release|x64.Build.0 = Release|x64
		{F833C9EB-4B8F-47B0-8430-CC0B2AF02120}.Release|x86.ActiveCfg = Release|Win32
		{F833C9EB-4B8F-47B0-8430-CC0B2AF02120}.Release|x86.Build.0 = Release|Win32
		{3C63292E-1446-4D1F-A315-CC56B8AEDB69}.Debug|x64.ActiveCfg = Debug|x64
		{3C63292E-1446-4D1F-A315-CC56B8AEDB69}.Debug|x64.Build.0 = Debug|x64
		{3C63292E-1446-4D1F-A315-CC56B8AEDB69}.Debug|x86.ActiveCfg = Debug|Win32
		{3C63292E-1446-4D1F-A315-CC56B8AEDB69}.Debug|x86.Build.0 = Debug|Win32
		{3C63292E-1446-4D1F-A315-CC56B8AEDB69}.Release|x64.ActiveCfg = Release|x64
		{3C63292E-1446-4D1F-A315-CC56B8AEDB69}.Release|x64.Build.0 = Release|x64
		{3C63292E-1446-4D1F-A315-CC56B8AEDB69}.Release|x86.ActiveCfg = Release|Win32
		{3C63292E-1446-4D1F-A315-CC56B8AEDB69}.Release|x86.Build.0 = Release|Win32
		{64CBCEE5-06FF-4498-8FB7-6A8EC0C34907}.Debug|x64.ActiveCfg = Debug|x64
		{64CBCEE5-06FF-4498-8FB7-6A8EC0C34907}.Debug|x64.Build.0 = Debug|x64
		{64CBCEE5-06FF-4498-8FB7-6A8EC0C34907}.Debug|x86.ActiveCfg = Debug|Win32
		{64CBCEE5-06FF-4498-8FB7-6A8EC0C34907}.Debug|x86.Build.0 = Debug|Win32
		{64CBCEE5-06FF-4498-8FB7-6A8EC0C34907}.Release|x64.ActiveCfg = Release|x64
		{64CBCEE5-06FF-4498-8FB7-6A8EC0C34907}.Release|x64.Build.0 = Release|x64
		{64CBCEE5-06FF-4498-8FB7-6A8EC0C34907}.Release|x86.ActiveCfg = Release|Win32
		{64CBCEE5-06FF-4498-8FB7-6A8EC0C34907}.Release|x86.Build.0 = Release|Win32
		{D0F54F4E-2270-49DD-98A3-39CDF6F0DB36}.Debug|x64.ActiveCfg = Debug|x64
		{D0F54F4E-2270-49DD-98A3-39CDF6F0DB36}.Debug|x64.Build.0 = Debug|x64
		{D0F54F4E-2270-49DD-98A3-39CDF6F0DB36}.Debug|x86.ActiveCfg = Debug|Win32
		{D0F54F4E-2270-49DD-98A3-39CDF6F0DB36}.Debug|x86.Build.0 = Debug|Win32
		{D0F54F4E-2270-49DD-98A3-39CDF6F0DB36}.Release|x64.ActiveCfg = Release|x64
		{D0F54F4E-2270-49DD-98A3-39CDF6F0DB36}.Release|x64.Build.0 = Release|x64
		{D0F54F4E-2270-49DD-98A3-39CDF6F0DB36}.Release|x86.ActiveCfg = Release|Win32
		{D0F54F4E-2270-49DD-98A3-39CDF6F0DB36}.Release|x86.Build.0 = Release|Win32
		{D9316042-5FB7-4765-93DF-FB6843683426}.Debug|x64.ActiveCfg = Debug|x64
		{D9316042-5FB7-4765-93DF-FB6843683426}.Debug|x64.Build.0 = Debug|x64
		{D9316042-5FB7-4765-93DF-FB6843683426}.Debug|x86.ActiveCfg = Debug|Win32
		{D9316042-5FB7-4765-93DF-FB6843683426}.Debug|x86.Build.0 = Debug|Win32
		{D9316042-5FB7-4765-93DF-FB6843683426}.Release|x64.ActiveCfg = Release|x64
		{D9316042-5FB7-4765-93DF-FB6843683426}.Release|x64.Build.0 = Release|x64
		{D9316042-5FB7-4765-93DF-FB6843683426}.Release|x86.ActiveCfg = Release|Win32
		{D9316042-5FB7-4765-93DF-FB6843683426}.Release|x86.Build.0 = Release|Win32
		{5384C642-B7EF-4DF9-ABA1-E1C0E9939946}.Debug|x64.ActiveCfg = Debug|x64
		{5384C642-B7EF-4DF9-ABA1-E1C0E9939946}.Debug|x64.Build.0 = Debug|x64
		{5384C642-B7EF-4DF9-ABA1-E1C0E9939946}.Debug|x86.ActiveCfg = Debug|Win32
		{5384C642-B7EF-4DF9-ABA1-E1C0E9939946}.Debug|x86.Build.0 = Debug|Win32
		{5384C642-B7EF-4DF9-ABA1-E1C0E9939946}.Release|x64.ActiveCfg = Release|x64
		{5384C642-B7EF-4DF9-ABA1-E1C0E9939946}.Release|x64.Build.0 = Release|x64
		{5384C642-B7EF-4DF9-ABA1-E1C0E9939946}.Release|x86.ActiveCfg = Release|Win32
		{5384C642-B7EF-4DF9-ABA1-E1C0E9939946}.Release|x86.Build.0 = Release|Win32
	EndGlobalSection
	GlobalSection(SolutionProperties) = preSolution
		HideSolutionNode = FALSE
	EndGlobalSection
EndGlobal
